{
  "requires": true,
  "lockfileVersion": 1,
  "dependencies": {
    "@types/jquery": {
      "version": "2.0.56",
      "resolved": "https://registry.npmjs.org/@types/jquery/-/jquery-2.0.56.tgz",
      "integrity": "sha512-tcNulMBr4fuMeBhwrRNQw3JaWg7vXP9bi64nKM5qYbaIN/oyo4n9O4TG5Thyn1BmhH159XvDxD4y3kqqpYS4sg=="
    },
    "devbridge-autocomplete": {
      "version": "1.4.11",
      "resolved": "https://registry.npmjs.org/devbridge-autocomplete/-/devbridge-autocomplete-1.4.11.tgz",
      "integrity": "sha512-lRU1y9IKyPm45NKDMcujszJoftw+wqxKbtcNJoMx+LywJQJdDwjg/s4lwLYR4vyQQ6VTcUaIeveLMkZTqorBIA==",
      "requires": {
        "@types/jquery": "^2.0.32",
        "jquery": ">=1.7"
      }
    },
    "jquery": {
      "version": "3.5.1",
      "resolved": "https://registry.npmjs.org/jquery/-/jquery-3.5.1.tgz",
      "integrity": "sha512-XwIBPqcMn57FxfT+Go5pzySnm4KWkT1Tv7gjrpT1srtf8Weynl6R273VJ5GjkRb51IzMp5nbaPjJXMWeju2MKg=="
    }
  }
}
